<?xml version="1.0" encoding="UTF-8" standalone="yes" ?>
<CodeBlocks_project_file>
	<FileVersion major="1" minor="6" />
	<Project>
		<Option title="aspekt_do_pracy_magisterskiej_g_klementowski_porownywarka_stron_www" />
		<Option pch_mode="2" />
		<Option compiler="gcc" />
		<Build>
			<Target title="Debug">
				<Option output="bin/Debug/aspekt_do_pracy_magisterskiej_g_klementowski_porownywarka_stron_www" prefix_auto="1" extension_auto="1" />
				<Option object_output="obj/Debug/" />
				<Option type="1" />
				<Option compiler="gcc" />
				<Compiler>
					<Add option="-g" />
				</Compiler>
			</Target>
			<Target title="Release">
				<Option output="bin/Release/aspekt_do_pracy_magisterskiej_g_klementowski_porownywarka_stron_www" prefix_auto="1" extension_auto="1" />
				<Option object_output="obj/Release/" />
				<Option type="1" />
				<Option compiler="gcc" />
				<Compiler>
					<Add option="-O2" />
				</Compiler>
				<Linker>
					<Add option="-s" />
				</Linker>
			</Target>
		</Build>
		<Compiler>
			<Add option="-Wall" />
			<Add option="-fexceptions" />
		</Compiler>
		<Unit filename="analiza_pliku_google_SERP.cpp" />
		<Unit filename="analiza_pliku_google_SERP.h" />
		<Unit filename="automatyzacja_procesu_analizy_fraz_kluczowych.cpp" />
		<Unit filename="automatyzacja_procesu_analizy_fraz_kluczowych.h" />
		<Unit filename="globals.cpp" />
		<Unit filename="globals.h" />
		<Unit filename="main.cpp" />
		<Unit filename="podsumowanieWynikówSERP.cpp" />
		<Unit filename="podsumowanieWynikówSERP.h" />
		<Unit filename="utils.cpp" />
		<Unit filename="utils.hpp" />
		<Extensions />
	</Project>
</CodeBlocks_project_file>
